
Microsoft Visual Studio Solution File, Format Version 12.00
# Visual Studio Version 16
VisualStudioVersion = 16.0.810.13
MinimumVisualStudioVersion = 10.0.40219.1
Project("{FAE04EC0-301F-11D3-BF4B-00C04F79EFBC}") = "VideoError.Android", "VideoError.Android\VideoError.Android.csproj", "{21D980C6-D678-4BA4-83A4-C3B5EA108942}"
EndProject
Project("{FAE04EC0-301F-11D3-BF4B-00C04F79EFBC}") = "VideoError.iOS", "VideoError.iOS\VideoError.iOS.csproj", "{96790BD3-8AAA-4262-9634-716BF23C1070}"
EndProject
Project("{FAE04EC0-301F-11D3-BF4B-00C04F79EFBC}") = "VideoError", "VideoError\VideoError.csproj", "{1AD65339-0F8B-40E2-9929-8498DA05B4A8}"
EndProject
Global
	GlobalSection(SolutionConfigurationPlatforms) = preSolution
		Debug|Any CPU = Debug|Any CPU
		Release|Any CPU = Release|Any CPU
		Debug|iPhoneSimulator = Debug|iPhoneSimulator
		Release|iPhoneSimulator = Release|iPhoneSimulator
		Debug|iPhone = Debug|iPhone
		Release|iPhone = Release|iPhone
	EndGlobalSection
	GlobalSection(ProjectConfigurationPlatforms) = postSolution
		{21D980C6-D678-4BA4-83A4-C3B5EA108942}.Debug|Any CPU.ActiveCfg = Debug|Any CPU
		{21D980C6-D678-4BA4-83A4-C3B5EA108942}.Debug|Any CPU.Build.0 = Debug|Any CPU
		{21D980C6-D678-4BA4-83A4-C3B5EA108942}.Release|Any CPU.ActiveCfg = Release|Any CPU
		{21D980C6-D678-4BA4-83A4-C3B5EA108942}.Release|Any CPU.Build.0 = Release|Any CPU
		{21D980C6-D678-4BA4-83A4-C3B5EA108942}.Debug|iPhoneSimulator.ActiveCfg = Debug|Any CPU
		{21D980C6-D678-4BA4-83A4-C3B5EA108942}.Debug|iPhoneSimulator.Build.0 = Debug|Any CPU
		{21D980C6-D678-4BA4-83A4-C3B5EA108942}.Release|iPhoneSimulator.ActiveCfg = Release|Any CPU
		{21D980C6-D678-4BA4-83A4-C3B5EA108942}.Release|iPhoneSimulator.Build.0 = Release|Any CPU
		{21D980C6-D678-4BA4-83A4-C3B5EA108942}.Debug|iPhone.ActiveCfg = Debug|Any CPU
		{21D980C6-D678-4BA4-83A4-C3B5EA108942}.Debug|iPhone.Build.0 = Debug|Any CPU
		{21D980C6-D678-4BA4-83A4-C3B5EA108942}.Release|iPhone.ActiveCfg = Release|Any CPU
		{21D980C6-D678-4BA4-83A4-C3B5EA108942}.Release|iPhone.Build.0 = Release|Any CPU
		{96790BD3-8AAA-4262-9634-716BF23C1070}.Debug|Any CPU.ActiveCfg = Debug|iPhoneSimulator
		{96790BD3-8AAA-4262-9634-716BF23C1070}.Debug|Any CPU.Build.0 = Debug|iPhoneSimulator
		{96790BD3-8AAA-4262-9634-716BF23C1070}.Release|Any CPU.ActiveCfg = Release|iPhoneSimulator
		{96790BD3-8AAA-4262-9634-716BF23C1070}.Release|Any CPU.Build.0 = Release|iPhoneSimulator
		{96790BD3-8AAA-4262-9634-716BF23C1070}.Debug|iPhoneSimulator.ActiveCfg = Debug|iPhoneSimulator
		{96790BD3-8AAA-4262-9634-716BF23C1070}.Debug|iPhoneSimulator.Build.0 = Debug|iPhoneSimulator
		{96790BD3-8AAA-4262-9634-716BF23C1070}.Release|iPhoneSimulator.ActiveCfg = Release|iPhoneSimulator
		{96790BD3-8AAA-4262-9634-716BF23C1070}.Release|iPhoneSimulator.Build.0 = Release|iPhoneSimulator
		{96790BD3-8AAA-4262-9634-716BF23C1070}.Debug|iPhone.ActiveCfg = Debug|iPhone
		{96790BD3-8AAA-4262-9634-716BF23C1070}.Debug|iPhone.Build.0 = Debug|iPhone
		{96790BD3-8AAA-4262-9634-716BF23C1070}.Release|iPhone.ActiveCfg = Release|iPhone
		{96790BD3-8AAA-4262-9634-716BF23C1070}.Release|iPhone.Build.0 = Release|iPhone
		{1AD65339-0F8B-40E2-9929-8498DA05B4A8}.Debug|Any CPU.ActiveCfg = Debug|Any CPU
		{1AD65339-0F8B-40E2-9929-8498DA05B4A8}.Debug|Any CPU.Build.0 = Debug|Any CPU
		{1AD65339-0F8B-40E2-9929-8498DA05B4A8}.Release|Any CPU.ActiveCfg = Release|Any CPU
		{1AD65339-0F8B-40E2-9929-8498DA05B4A8}.Release|Any CPU.Build.0 = Release|Any CPU
		{1AD65339-0F8B-40E2-9929-8498DA05B4A8}.Debug|iPhoneSimulator.ActiveCfg = Debug|Any CPU
		{1AD65339-0F8B-40E2-9929-8498DA05B4A8}.Debug|iPhoneSimulator.Build.0 = Debug|Any CPU
		{1AD65339-0F8B-40E2-9929-8498DA05B4A8}.Release|iPhoneSimulator.ActiveCfg = Release|Any CPU
		{1AD65339-0F8B-40E2-9929-8498DA05B4A8}.Release|iPhoneSimulator.Build.0 = Release|Any CPU
		{1AD65339-0F8B-40E2-9929-8498DA05B4A8}.Debug|iPhone.ActiveCfg = Debug|Any CPU
		{1AD65339-0F8B-40E2-9929-8498DA05B4A8}.Debug|iPhone.Build.0 = Debug|Any CPU
		{1AD65339-0F8B-40E2-9929-8498DA05B4A8}.Release|iPhone.ActiveCfg = Release|Any CPU
		{1AD65339-0F8B-40E2-9929-8498DA05B4A8}.Release|iPhone.Build.0 = Release|Any CPU
	EndGlobalSection
	GlobalSection(SolutionProperties) = preSolution
		HideSolutionNode = FALSE
	EndGlobalSection
	GlobalSection(ExtensibilityGlobals) = postSolution
		SolutionGuid = {3566442F-F36E-4811-85B7-288251DEA064}
	EndGlobalSection
EndGlobal
