
Microsoft Visual Studio Solution File, Format Version 12.00
# Visual Studio Version 16
VisualStudioVersion = 25.0.1706.11
MinimumVisualStudioVersion = 10.0.40219.1
Project("{FAE04EC0-301F-11D3-BF4B-00C04F79EFBC}") = "GzipBug", "GzipBug\GzipBug.csproj", "{15BFCF72-23BA-4C5A-854F-9B84B212E4D6}"
EndProject
Project("{FAE04EC0-301F-11D3-BF4B-00C04F79EFBC}") = "GzipClient", "GzipClient\GzipClient.csproj", "{C3665D32-F731-4C81-A651-120ED01F192A}"
EndProject
Global
	GlobalSection(SolutionConfigurationPlatforms) = preSolution
		Debug|Any CPU = Debug|Any CPU
		Release|Any CPU = Release|Any CPU
	EndGlobalSection
	GlobalSection(ProjectConfigurationPlatforms) = postSolution
		{15BFCF72-23BA-4C5A-854F-9B84B212E4D6}.Debug|Any CPU.ActiveCfg = Debug|Any CPU
		{15BFCF72-23BA-4C5A-854F-9B84B212E4D6}.Debug|Any CPU.Build.0 = Debug|Any CPU
		{15BFCF72-23BA-4C5A-854F-9B84B212E4D6}.Release|Any CPU.ActiveCfg = Release|Any CPU
		{15BFCF72-23BA-4C5A-854F-9B84B212E4D6}.Release|Any CPU.Build.0 = Release|Any CPU
		{C3665D32-F731-4C81-A651-120ED01F192A}.Debug|Any CPU.ActiveCfg = Debug|Any CPU
		{C3665D32-F731-4C81-A651-120ED01F192A}.Debug|Any CPU.Build.0 = Debug|Any CPU
		{C3665D32-F731-4C81-A651-120ED01F192A}.Release|Any CPU.ActiveCfg = Release|Any CPU
		{C3665D32-F731-4C81-A651-120ED01F192A}.Release|Any CPU.Build.0 = Release|Any CPU
	EndGlobalSection
	GlobalSection(SolutionProperties) = preSolution
		HideSolutionNode = FALSE
	EndGlobalSection
	GlobalSection(ExtensibilityGlobals) = postSolution
		SolutionGuid = {56A445F4-421B-465F-A59F-080A2CF69033}
	EndGlobalSection
EndGlobal
